
Microsoft Visual Studio Solution File, Format Version 12.00
# Visual Studio Version 17
VisualStudioVersion = 17.8.34316.72
MinimumVisualStudioVersion = 10.0.40219.1
Project("{FAE04EC0-301F-11D3-BF4B-00C04F79EFBC}") = "SeqLogStudyAPI", "SeqLogStudyAPI\SeqLogStudyAPI.csproj", "{DC9760F7-B1A9-467A-917F-F3ADA0A5E477}"
EndProject
Global
	GlobalSection(SolutionConfigurationPlatforms) = preSolution
		Debug|Any CPU = Debug|Any CPU
		Release|Any CPU = Release|Any CPU
	EndGlobalSection
	GlobalSection(ProjectConfigurationPlatforms) = postSolution
		{DC9760F7-B1A9-467A-917F-F3ADA0A5E477}.Debug|Any CPU.ActiveCfg = Debug|Any CPU
		{DC9760F7-B1A9-467A-917F-F3ADA0A5E477}.Debug|Any CPU.Build.0 = Debug|Any CPU
		{DC9760F7-B1A9-467A-917F-F3ADA0A5E477}.Release|Any CPU.ActiveCfg = Release|Any CPU
		{DC9760F7-B1A9-467A-917F-F3ADA0A5E477}.Release|Any CPU.Build.0 = Release|Any CPU
	EndGlobalSection
	GlobalSection(SolutionProperties) = preSolution
		HideSolutionNode = FALSE
	EndGlobalSection
	GlobalSection(ExtensibilityGlobals) = postSolution
		SolutionGuid = {632C87A0-DE69-407A-B566-D73757FC4BAC}
	EndGlobalSection
EndGlobal
